<?xml version="1.0" encoding="utf-8"?>
<Project ToolsVersion="17.0" xmlns="http://schemas.microsoft.com/developer/msbuild/2003">
  <ItemGroup>
    <ClCompile Include="..\scripts\ChunkClasses.cpp">
      <Filter>01. Sources</Filter>
    </ClCompile>
    <ClCompile Include="..\scripts\engine_string.cpp">
      <Filter>01. Sources</Filter>
    </ClCompile>
    <ClCompile Include="..\scripts\engine_string_utils.cpp">
      <Filter>01. Sources</Filter>
    </ClCompile>
    <ClCompile Include="..\wdump\wdump.cpp">
      <Filter>01. Sources</Filter>
    </ClCompile>
    <ClCompile Include="..\wdump\wdump.rc">
      <Filter>04. Resources</Filter>
    </ClCompile>
    <ClCompile Include="..\wdump\wdump_pch.cpp">
      <Filter>01. Sources</Filter>
    </ClCompile>
  </ItemGroup>
  <ItemGroup>
    <ClInclude Include="..\wdump\resource.h">
      <Filter>02. Headers</Filter>
    </ClInclude>
    <ClInclude Include="..\wdump\wdump_pch.h">
      <Filter>02. Headers</Filter>
    </ClInclude>
  </ItemGroup>
  <ItemGroup>
    <Natvis Include="..\shared\w3d_types.natvis">
      <Filter>shared</Filter>
    </Natvis>
  </ItemGroup>
  <ItemGroup>
    <Filter Include="01. Sources">
      <UniqueIdentifier>{7b1fa522-5cb6-6100-2f09-83a6f18e41f4}</UniqueIdentifier>
    </Filter>
    <Filter Include="02. Headers">
      <UniqueIdentifier>{5d9751ee-1987-b147-ca0c-615c7df01f3f}</UniqueIdentifier>
    </Filter>
    <Filter Include="04. Resources">
      <UniqueIdentifier>{cb3668f1-f224-6305-cf09-841942f5de88}</UniqueIdentifier>
    </Filter>
    <Filter Include="shared">
      <UniqueIdentifier>{b9e7819e-c763-6313-e2fb-3eefcfecfc0e}</UniqueIdentifier>
    </Filter>
  </ItemGroup>
</Project>