<?xml version="1.0" encoding="utf-8"?>
<Project ToolsVersion="17.0" xmlns="http://schemas.microsoft.com/developer/msbuild/2003">
  <ItemGroup>
    <ClCompile Include="..\render\AABTreeBuilderClass.cpp">
      <Filter>01. Sources</Filter>
    </ClCompile>
    <ClCompile Include="..\scripts\base64.cpp">
      <Filter>01. Sources</Filter>
    </ClCompile>
    <ClCompile Include="..\scripts\ChunkClasses.cpp">
      <Filter>01. Sources</Filter>
    </ClCompile>
    <ClCompile Include="..\scripts\Crc32.cpp">
      <Filter>01. Sources</Filter>
    </ClCompile>
    <ClCompile Include="..\scripts\CriticalSectionClass.cpp">
      <Filter>01. Sources</Filter>
    </ClCompile>
    <ClCompile Include="..\scripts\engine_io.cpp">
      <Filter>01. Sources</Filter>
    </ClCompile>
    <ClCompile Include="..\scripts\engine_string.cpp">
      <Filter>01. Sources</Filter>
    </ClCompile>
    <ClCompile Include="..\scripts\engine_string_utils.cpp">
      <Filter>01. Sources</Filter>
    </ClCompile>
    <ClCompile Include="..\scripts\EulerAngles.cpp">
      <Filter>01. Sources</Filter>
    </ClCompile>
    <ClCompile Include="..\scripts\HashTemplateKeyClass.cpp">
      <Filter>01. Sources</Filter>
    </ClCompile>
    <ClCompile Include="..\scripts\Matrix3D.cpp">
      <Filter>01. Sources</Filter>
    </ClCompile>
    <ClCompile Include="..\scripts\SimpleFileFactoryClass.cpp">
      <Filter>01. Sources</Filter>
    </ClCompile>
    <ClCompile Include="..\scripts\straw.cpp">
      <Filter>01. Sources</Filter>
    </ClCompile>
    <ClCompile Include="..\w3dmaxtools\dxmaterial.cpp">
      <Filter>01. Sources</Filter>
    </ClCompile>
    <ClCompile Include="..\w3dmaxtools\Source\Dialog\w3dexportdlg.cpp">
      <Filter>01. Sources</Filter>
    </ClCompile>
    <ClCompile Include="..\w3dmaxtools\Source\Dialog\w3dmaterialpassdlg.cpp">
      <Filter>01. Sources</Filter>
    </ClCompile>
    <ClCompile Include="..\w3dmaxtools\Source\Dialog\w3dmiscutilitiesdlg.cpp">
      <Filter>01. Sources</Filter>
    </ClCompile>
    <ClCompile Include="..\w3dmaxtools\Source\dllmain.cpp">
      <Filter>01. Sources</Filter>
    </ClCompile>
    <ClCompile Include="..\w3dmaxtools\Source\maxscript.cpp">
      <Filter>01. Sources</Filter>
    </ClCompile>
    <ClCompile Include="..\w3dmaxtools\Source\w3dexport.cpp">
      <Filter>01. Sources</Filter>
    </ClCompile>
    <ClCompile Include="..\w3dmaxtools\Source\w3dmaterial.cpp">
      <Filter>01. Sources</Filter>
    </ClCompile>
    <ClCompile Include="..\w3dmaxtools\Source\w3dmaxcommonhelpers.cpp">
      <Filter>01. Sources</Filter>
    </ClCompile>
    <ClCompile Include="..\w3dmaxtools\Source\w3dskin.cpp">
      <Filter>01. Sources</Filter>
    </ClCompile>
    <ClCompile Include="..\w3xmaxtools\pugixml.cpp">
      <Filter>01. Sources</Filter>
    </ClCompile>
    <ClCompile Include="..\w3xmaxtools\Source\Dialog\w3xexportsettingsdlg.cpp">
      <Filter>01. Sources</Filter>
    </ClCompile>
    <ClCompile Include="..\w3xmaxtools\Source\w3xappdatachunk.cpp">
      <Filter>01. Sources</Filter>
    </ClCompile>
    <ClCompile Include="..\w3xmaxtools\Source\w3xutilities.cpp">
      <Filter>01. Sources</Filter>
    </ClCompile>
    <ClCompile Include="..\w3xmaxtools\w3xmaxtools.rc">
      <Filter>04. Resources</Filter>
    </ClCompile>
    <ClCompile Include="..\w3xmaxtools\w3xmaxtools_pch.cpp">
      <Filter>01. Sources</Filter>
    </ClCompile>
  </ItemGroup>
  <ItemGroup>
    <ClInclude Include="..\w3xmaxtools\pugiconfig.hpp" />
    <ClInclude Include="..\w3xmaxtools\pugixml.hpp" />
    <ClInclude Include="..\w3xmaxtools\Redist\Dialog\w3xexportsettingsdlg.h">
      <Filter>02. Headers</Filter>
    </ClInclude>
    <ClInclude Include="..\w3xmaxtools\Redist\w3xappdatachunk.h">
      <Filter>02. Headers</Filter>
    </ClInclude>
    <ClInclude Include="..\w3xmaxtools\Redist\w3xutilities.h">
      <Filter>02. Headers</Filter>
    </ClInclude>
    <ClInclude Include="..\w3xmaxtools\resource.h">
      <Filter>02. Headers</Filter>
    </ClInclude>
    <ClInclude Include="..\w3xmaxtools\w3xmaxtools_pch.h">
      <Filter>02. Headers</Filter>
    </ClInclude>
    <ClInclude Include="..\w3xmaxtools\XMLWriter.h">
      <Filter>02. Headers</Filter>
    </ClInclude>
  </ItemGroup>
  <ItemGroup>
    <CustomBuild Include="..\w3dmaxtools\dxutil.def">
      <Filter>w3dmaxtools</Filter>
    </CustomBuild>
  </ItemGroup>
  <ItemGroup>
    <Natvis Include="..\shared\w3d_types.natvis">
      <Filter>shared</Filter>
    </Natvis>
  </ItemGroup>
  <ItemGroup>
    <Filter Include="01. Sources">
      <UniqueIdentifier>{7b1fa522-5cb6-6100-2f09-83a6f18e41f4}</UniqueIdentifier>
    </Filter>
    <Filter Include="02. Headers">
      <UniqueIdentifier>{5d9751ee-1987-b147-ca0c-615c7df01f3f}</UniqueIdentifier>
    </Filter>
    <Filter Include="04. Resources">
      <UniqueIdentifier>{cb3668f1-f224-6305-cf09-841942f5de88}</UniqueIdentifier>
    </Filter>
    <Filter Include="shared">
      <UniqueIdentifier>{b9e7819e-c763-6313-e2fb-3eefcfecfc0e}</UniqueIdentifier>
    </Filter>
    <Filter Include="w3dmaxtools">
      <UniqueIdentifier>{5484c776-b2cb-0fe3-eb2e-ab743fe93b03}</UniqueIdentifier>
    </Filter>
  </ItemGroup>
</Project>