<?xml version="1.0" encoding="utf-8"?>
<Project ToolsVersion="17.0" xmlns="http://schemas.microsoft.com/developer/msbuild/2003">
  <ItemGroup>
    <ClCompile Include="..\render\AABTreeBuilderClass.cpp">
      <Filter>01. Sources</Filter>
    </ClCompile>
    <ClCompile Include="..\scripts\base64.cpp">
      <Filter>01. Sources</Filter>
    </ClCompile>
    <ClCompile Include="..\scripts\ChunkClasses.cpp">
      <Filter>01. Sources</Filter>
    </ClCompile>
    <ClCompile Include="..\scripts\Crc32.cpp">
      <Filter>01. Sources</Filter>
    </ClCompile>
    <ClCompile Include="..\scripts\CriticalSectionClass.cpp">
      <Filter>01. Sources</Filter>
    </ClCompile>
    <ClCompile Include="..\scripts\engine_io.cpp">
      <Filter>01. Sources</Filter>
    </ClCompile>
    <ClCompile Include="..\scripts\engine_string.cpp">
      <Filter>01. Sources</Filter>
    </ClCompile>
    <ClCompile Include="..\scripts\engine_string_utils.cpp">
      <Filter>01. Sources</Filter>
    </ClCompile>
    <ClCompile Include="..\scripts\EulerAngles.cpp">
      <Filter>01. Sources</Filter>
    </ClCompile>
    <ClCompile Include="..\scripts\HashTemplateKeyClass.cpp">
      <Filter>01. Sources</Filter>
    </ClCompile>
    <ClCompile Include="..\scripts\Matrix3D.cpp">
      <Filter>01. Sources</Filter>
    </ClCompile>
    <ClCompile Include="..\scripts\SimpleFileFactoryClass.cpp">
      <Filter>01. Sources</Filter>
    </ClCompile>
    <ClCompile Include="..\scripts\straw.cpp">
      <Filter>01. Sources</Filter>
    </ClCompile>
    <ClCompile Include="..\w3dmaxtools\dxmaterial.cpp">
      <Filter>01. Sources</Filter>
    </ClCompile>
    <ClCompile Include="..\w3dmaxtools\Source\Dialog\w3dexportdlg.cpp">
      <Filter>01. Sources</Filter>
    </ClCompile>
    <ClCompile Include="..\w3dmaxtools\Source\Dialog\w3dexportsettingsdlg.cpp">
      <Filter>01. Sources</Filter>
    </ClCompile>
    <ClCompile Include="..\w3dmaxtools\Source\Dialog\w3dmaterialpassdlg.cpp">
      <Filter>01. Sources</Filter>
    </ClCompile>
    <ClCompile Include="..\w3dmaxtools\Source\Dialog\w3dmiscutilitiesdlg.cpp">
      <Filter>01. Sources</Filter>
    </ClCompile>
    <ClCompile Include="..\w3dmaxtools\Source\dllmain.cpp">
      <Filter>01. Sources</Filter>
    </ClCompile>
    <ClCompile Include="..\w3dmaxtools\Source\maxscript.cpp">
      <Filter>01. Sources</Filter>
    </ClCompile>
    <ClCompile Include="..\w3dmaxtools\Source\w3dappdatachunk.cpp">
      <Filter>01. Sources</Filter>
    </ClCompile>
    <ClCompile Include="..\w3dmaxtools\Source\w3dexport.cpp">
      <Filter>01. Sources</Filter>
    </ClCompile>
    <ClCompile Include="..\w3dmaxtools\Source\w3dmaterial.cpp">
      <Filter>01. Sources</Filter>
    </ClCompile>
    <ClCompile Include="..\w3dmaxtools\Source\w3dmaxcommonhelpers.cpp">
      <Filter>01. Sources</Filter>
    </ClCompile>
    <ClCompile Include="..\w3dmaxtools\Source\w3dskin.cpp">
      <Filter>01. Sources</Filter>
    </ClCompile>
    <ClCompile Include="..\w3dmaxtools\Source\w3dutilities.cpp">
      <Filter>01. Sources</Filter>
    </ClCompile>
    <ClCompile Include="..\w3dmaxtools\w3dmaxtools.rc">
      <Filter>04. Resources</Filter>
    </ClCompile>
    <ClCompile Include="..\w3dmaxtools\w3dmaxtools_pch.cpp">
      <Filter>01. Sources</Filter>
    </ClCompile>
  </ItemGroup>
  <ItemGroup>
    <ClInclude Include="..\w3dmaxtools\d3dx11effect.h">
      <Filter>02. Headers</Filter>
    </ClInclude>
    <ClInclude Include="..\w3dmaxtools\d3dxGlobal.h">
      <Filter>02. Headers</Filter>
    </ClInclude>
    <ClInclude Include="..\w3dmaxtools\dxutil.h">
      <Filter>02. Headers</Filter>
    </ClInclude>
    <ClInclude Include="..\w3dmaxtools\Redist\Dialog\w3dexportdlg.h">
      <Filter>02. Headers</Filter>
    </ClInclude>
    <ClInclude Include="..\w3dmaxtools\Redist\Dialog\w3dexportsettingsdlg.h">
      <Filter>02. Headers</Filter>
    </ClInclude>
    <ClInclude Include="..\w3dmaxtools\Redist\Dialog\w3dmaterialpassdlg.h">
      <Filter>02. Headers</Filter>
    </ClInclude>
    <ClInclude Include="..\w3dmaxtools\Redist\Dialog\w3dmiscutilitiesdlg.h">
      <Filter>02. Headers</Filter>
    </ClInclude>
    <ClInclude Include="..\w3dmaxtools\Redist\w3dappdatachunk.h">
      <Filter>02. Headers</Filter>
    </ClInclude>
    <ClInclude Include="..\w3dmaxtools\Redist\w3dexport.h">
      <Filter>02. Headers</Filter>
    </ClInclude>
    <ClInclude Include="..\w3dmaxtools\Redist\w3dmaterial.h">
      <Filter>02. Headers</Filter>
    </ClInclude>
    <ClInclude Include="..\w3dmaxtools\Redist\w3dmaxcommonhelpers.h">
      <Filter>02. Headers</Filter>
    </ClInclude>
    <ClInclude Include="..\w3dmaxtools\Redist\w3dmaxcommonhelpers.inl">
      <Filter>Redist</Filter>
    </ClInclude>
    <ClInclude Include="..\w3dmaxtools\Redist\w3dskin.h">
      <Filter>02. Headers</Filter>
    </ClInclude>
    <ClInclude Include="..\w3dmaxtools\Redist\w3dutilities.h">
      <Filter>02. Headers</Filter>
    </ClInclude>
    <ClInclude Include="..\w3dmaxtools\resource.h">
      <Filter>02. Headers</Filter>
    </ClInclude>
    <ClInclude Include="..\w3dmaxtools\w3dmaxtools_pch.h">
      <Filter>02. Headers</Filter>
    </ClInclude>
  </ItemGroup>
  <ItemGroup>
    <CustomBuild Include="..\w3dmaxtools\dxutil.def" />
  </ItemGroup>
  <ItemGroup>
    <Natvis Include="..\shared\w3d_types.natvis">
      <Filter>shared</Filter>
    </Natvis>
  </ItemGroup>
  <ItemGroup>
    <Filter Include="01. Sources">
      <UniqueIdentifier>{7b1fa522-5cb6-6100-2f09-83a6f18e41f4}</UniqueIdentifier>
    </Filter>
    <Filter Include="02. Headers">
      <UniqueIdentifier>{5d9751ee-1987-b147-ca0c-615c7df01f3f}</UniqueIdentifier>
    </Filter>
    <Filter Include="04. Resources">
      <UniqueIdentifier>{cb3668f1-f224-6305-cf09-841942f5de88}</UniqueIdentifier>
    </Filter>
    <Filter Include="Redist">
      <UniqueIdentifier>{cfaa96c0-1b04-6fd3-deef-367e2bca9dd4}</UniqueIdentifier>
    </Filter>
    <Filter Include="shared">
      <UniqueIdentifier>{b9e7819e-c763-6313-e2fb-3eefcfecfc0e}</UniqueIdentifier>
    </Filter>
  </ItemGroup>
</Project>